
Microsoft Visual Studio Solution File, Format Version 12.00
# Visual Studio Version 17
VisualStudioVersion = 17.9.34728.123
MinimumVisualStudioVersion = 10.0.40219.1
Project("{FAE04EC0-301F-11D3-BF4B-00C04F79EFBC}") = "Sample.WebApiRestful", "Sample.WebApiRestful\Sample.WebApiRestful.csproj", "{28F43D1E-5122-4634-9CDA-0F1135B41263}"
EndProject
Project("{FAE04EC0-301F-11D3-BF4B-00C04F79EFBC}") = "Sample.WebApiRestful.Domain", "Sample.WebApiRestful.Domain\Sample.WebApiRestful.Domain.csproj", "{53FFB394-D890-4F5C-9F0B-896813FC8B5A}"
EndProject
Project("{FAE04EC0-301F-11D3-BF4B-00C04F79EFBC}") = "Sample.WebApiRestful.Data", "Sample.WebApiRestful.Data\Sample.WebApiRestful.Data.csproj", "{0E19664D-E719-4162-AEA3-697300EC21C0}"
EndProject
Project("{FAE04EC0-301F-11D3-BF4B-00C04F79EFBC}") = "Sample.WebApiRestful.Service", "Sample.WebApiRestful.Service\Sample.WebApiRestful.Service.csproj", "{5F952948-FF6E-4299-AF1B-E2CACE723DE0}"
EndProject
Project("{FAE04EC0-301F-11D3-BF4B-00C04F79EFBC}") = "Sample.WebApiRestful.Infrastucture", "Sample.WebApiRestful.Infrastucture\Sample.WebApiRestful.Infrastucture.csproj", "{58317E02-7E35-468E-AC65-7BCED900178E}"
EndProject
Global
	GlobalSection(SolutionConfigurationPlatforms) = preSolution
		Debug|Any CPU = Debug|Any CPU
		Release|Any CPU = Release|Any CPU
	EndGlobalSection
	GlobalSection(ProjectConfigurationPlatforms) = postSolution
		{28F43D1E-5122-4634-9CDA-0F1135B41263}.Debug|Any CPU.ActiveCfg = Debug|Any CPU
		{28F43D1E-5122-4634-9CDA-0F1135B41263}.Debug|Any CPU.Build.0 = Debug|Any CPU
		{28F43D1E-5122-4634-9CDA-0F1135B41263}.Release|Any CPU.ActiveCfg = Release|Any CPU
		{28F43D1E-5122-4634-9CDA-0F1135B41263}.Release|Any CPU.Build.0 = Release|Any CPU
		{53FFB394-D890-4F5C-9F0B-896813FC8B5A}.Debug|Any CPU.ActiveCfg = Debug|Any CPU
		{53FFB394-D890-4F5C-9F0B-896813FC8B5A}.Debug|Any CPU.Build.0 = Debug|Any CPU
		{53FFB394-D890-4F5C-9F0B-896813FC8B5A}.Release|Any CPU.ActiveCfg = Release|Any CPU
		{53FFB394-D890-4F5C-9F0B-896813FC8B5A}.Release|Any CPU.Build.0 = Release|Any CPU
		{0E19664D-E719-4162-AEA3-697300EC21C0}.Debug|Any CPU.ActiveCfg = Debug|Any CPU
		{0E19664D-E719-4162-AEA3-697300EC21C0}.Debug|Any CPU.Build.0 = Debug|Any CPU
		{0E19664D-E719-4162-AEA3-697300EC21C0}.Release|Any CPU.ActiveCfg = Release|Any CPU
		{0E19664D-E719-4162-AEA3-697300EC21C0}.Release|Any CPU.Build.0 = Release|Any CPU
		{5F952948-FF6E-4299-AF1B-E2CACE723DE0}.Debug|Any CPU.ActiveCfg = Debug|Any CPU
		{5F952948-FF6E-4299-AF1B-E2CACE723DE0}.Debug|Any CPU.Build.0 = Debug|Any CPU
		{5F952948-FF6E-4299-AF1B-E2CACE723DE0}.Release|Any CPU.ActiveCfg = Release|Any CPU
		{5F952948-FF6E-4299-AF1B-E2CACE723DE0}.Release|Any CPU.Build.0 = Release|Any CPU
		{58317E02-7E35-468E-AC65-7BCED900178E}.Debug|Any CPU.ActiveCfg = Debug|Any CPU
		{58317E02-7E35-468E-AC65-7BCED900178E}.Debug|Any CPU.Build.0 = Debug|Any CPU
		{58317E02-7E35-468E-AC65-7BCED900178E}.Release|Any CPU.ActiveCfg = Release|Any CPU
		{58317E02-7E35-468E-AC65-7BCED900178E}.Release|Any CPU.Build.0 = Release|Any CPU
	EndGlobalSection
	GlobalSection(SolutionProperties) = preSolution
		HideSolutionNode = FALSE
	EndGlobalSection
	GlobalSection(ExtensibilityGlobals) = postSolution
		SolutionGuid = {88220066-DD5F-4EE4-8435-B99C071AB87C}
	EndGlobalSection
EndGlobal
